// !$*UTF8*$!
{
	archiveVersion = 1;
	classes = {
	};
	objectVersion = 77;
	objects = {

/* Begin PBXBuildFile section */
		2B0000010000000000000001 /* ClawApp.swift in Sources */ = {isa = PBXBuildFile; fileRef = 2B0000100000000000000001 /* ClawApp.swift */; };
		2B0000010000000000000002 /* ClawModels.swift in Sources */ = {isa = PBXBuildFile; fileRef = 2B0000100000000000000002 /* ClawModels.swift */; };
		2B0000010000000000000003 /* ClawStore.swift in Sources */ = {isa = PBXBuildFile; fileRef = 2B0000100000000000000003 /* ClawStore.swift */; };
		2B0000010000000000000004 /* ContentView.swift in Sources */ = {isa = PBXBuildFile; fileRef = 2B0000100000000000000004 /* ContentView.swift */; };
		2B0000010000000000000005 /* ClawShortcuts.swift in Sources */ = {isa = PBXBuildFile; fileRef = 2B0000100000000000000005 /* ClawShortcuts.swift */; };
		2B0000010000000000000006 /* Assets.xcassets in Resources */ = {isa = PBXBuildFile; fileRef = 2B0000100000000000000006 /* Assets.xcassets */; };
		2B0000010000000000000007 /* ClawTests.swift in Sources */ = {isa = PBXBuildFile; fileRef = 2B0000100000000000000007 /* ClawTests.swift */; };
/* End PBXBuildFile section */

/* Begin PBXContainerItemProxy section */
		2B0000020000000000000001 /* PBXContainerItemProxy */ = {
			isa = PBXContainerItemProxy;
			containerPortal = 2B0000200000000000000001 /* Project object */;
			proxyType = 1;
			remoteGlobalIDString = 2B0000300000000000000001;
			remoteInfo = Claw;
		};
/* End PBXContainerItemProxy section */

/* Begin PBXFileReference section */
		2B0000100000000000000001 /* ClawApp.swift */ = {isa = PBXFileReference; lastKnownFileType = sourcecode.swift; path = ClawApp.swift; sourceTree = "<group>"; };
		2B0000100000000000000002 /* ClawModels.swift */ = {isa = PBXFileReference; lastKnownFileType = sourcecode.swift; path = ClawModels.swift; sourceTree = "<group>"; };
		2B0000100000000000000003 /* ClawStore.swift */ = {isa = PBXFileReference; lastKnownFileType = sourcecode.swift; path = ClawStore.swift; sourceTree = "<group>"; };
		2B0000100000000000000004 /* ContentView.swift */ = {isa = PBXFileReference; lastKnownFileType = sourcecode.swift; path = ContentView.swift; sourceTree = "<group>"; };
		2B0000100000000000000005 /* ClawShortcuts.swift */ = {isa = PBXFileReference; lastKnownFileType = sourcecode.swift; path = ClawShortcuts.swift; sourceTree = "<group>"; };
		2B0000100000000000000006 /* Assets.xcassets */ = {isa = PBXFileReference; lastKnownFileType = folder.assetcatalog; path = Assets.xcassets; sourceTree = "<group>"; };
		2B0000100000000000000007 /* ClawTests.swift */ = {isa = PBXFileReference; lastKnownFileType = sourcecode.swift; path = ClawTests.swift; sourceTree = "<group>"; };
		2B0000100000000000000008 /* Claw.app */ = {isa = PBXFileReference; explicitFileType = wrapper.application; includeInIndex = 0; path = Claw.app; sourceTree = BUILT_PRODUCTS_DIR; };
		2B0000100000000000000009 /* ClawTests.xctest */ = {isa = PBXFileReference; explicitFileType = wrapper.cfbundle; includeInIndex = 0; path = ClawTests.xctest; sourceTree = BUILT_PRODUCTS_DIR; };
/* End PBXFileReference section */

/* Begin PBXFrameworksBuildPhase section */
		2B0000400000000000000001 /* Frameworks */ = {
			isa = PBXFrameworksBuildPhase;
			buildActionMask = 2147483647;
			files = (
			);
			runOnlyForDeploymentPostprocessing = 0;
		};
		2B0000400000000000000002 /* Frameworks */ = {
			isa = PBXFrameworksBuildPhase;
			buildActionMask = 2147483647;
			files = (
			);
			runOnlyForDeploymentPostprocessing = 0;
		};
/* End PBXFrameworksBuildPhase section */

/* Begin PBXGroup section */
		2B0000500000000000000001 = {
			isa = PBXGroup;
			children = (
				2B0000500000000000000002 /* Claw */,
				2B0000500000000000000007 /* ClawTests */,
				2B0000500000000000000008 /* Products */,
			);
			sourceTree = "<group>";
		};
		2B0000500000000000000002 /* Claw */ = {
			isa = PBXGroup;
			children = (
				2B0000500000000000000003 /* App */,
				2B0000500000000000000004 /* Core */,
				2B0000500000000000000005 /* Services */,
				2B0000500000000000000006 /* Views */,
				2B0000100000000000000006 /* Assets.xcassets */,
			);
			path = Claw;
			sourceTree = "<group>";
		};
		2B0000500000000000000003 /* App */ = {
			isa = PBXGroup;
			children = (
				2B0000100000000000000001 /* ClawApp.swift */,
			);
			path = App;
			sourceTree = "<group>";
		};
		2B0000500000000000000004 /* Core */ = {
			isa = PBXGroup;
			children = (
				2B0000100000000000000002 /* ClawModels.swift */,
			);
			path = Core;
			sourceTree = "<group>";
		};
		2B0000500000000000000005 /* Services */ = {
			isa = PBXGroup;
			children = (
				2B0000100000000000000003 /* ClawStore.swift */,
				2B0000100000000000000005 /* ClawShortcuts.swift */,
			);
			path = Services;
			sourceTree = "<group>";
		};
		2B0000500000000000000006 /* Views */ = {
			isa = PBXGroup;
			children = (
				2B0000100000000000000004 /* ContentView.swift */,
			);
			path = Views;
			sourceTree = "<group>";
		};
		2B0000500000000000000007 /* ClawTests */ = {
			isa = PBXGroup;
			children = (
				2B0000100000000000000007 /* ClawTests.swift */,
			);
			path = ClawTests;
			sourceTree = "<group>";
		};
		2B0000500000000000000008 /* Products */ = {
			isa = PBXGroup;
			children = (
				2B0000100000000000000008 /* Claw.app */,
				2B0000100000000000000009 /* ClawTests.xctest */,
			);
			name = Products;
			sourceTree = "<group>";
		};
/* End PBXGroup section */

/* Begin PBXNativeTarget section */
		2B0000300000000000000001 /* Claw */ = {
			isa = PBXNativeTarget;
			buildConfigurationList = 2B0000800000000000000001 /* Build configuration list for PBXNativeTarget "Claw" */;
			buildPhases = (
				2B0000600000000000000001 /* Sources */,
				2B0000400000000000000001 /* Frameworks */,
				2B0000700000000000000001 /* Resources */,
			);
			buildRules = (
			);
			dependencies = (
			);
			name = Claw;
			productName = Claw;
			productReference = 2B0000100000000000000008 /* Claw.app */;
			productType = "com.apple.product-type.application";
		};
		2B0000300000000000000002 /* ClawTests */ = {
			isa = PBXNativeTarget;
			buildConfigurationList = 2B0000800000000000000002 /* Build configuration list for PBXNativeTarget "ClawTests" */;
			buildPhases = (
				2B0000600000000000000002 /* Sources */,
				2B0000400000000000000002 /* Frameworks */,
				2B0000700000000000000002 /* Resources */,
			);
			buildRules = (
			);
			dependencies = (
				2B0000900000000000000001 /* PBXTargetDependency */,
			);
			name = ClawTests;
			productName = ClawTests;
			productReference = 2B0000100000000000000009 /* ClawTests.xctest */;
			productType = "com.apple.product-type.bundle.unit-test";
		};
/* End PBXNativeTarget section */

/* Begin PBXProject section */
		2B0000200000000000000001 /* Project object */ = {
			isa = PBXProject;
			attributes = {
				BuildIndependentTargetsInParallel = 1;
				LastSwiftUpdateCheck = 2600;
				LastUpgradeCheck = 2600;
				TargetAttributes = {
					2B0000300000000000000001 = {
						CreatedOnToolsVersion = 26.0;
					};
					2B0000300000000000000002 = {
						CreatedOnToolsVersion = 26.0;
						TestTargetID = 2B0000300000000000000001;
					};
				};
			};
			buildConfigurationList = 2B0000800000000000000003 /* Build configuration list for PBXProject "Claw" */;
			developmentRegion = en;
			hasScannedForEncodings = 0;
			knownRegions = (
				en,
				Base,
			);
			mainGroup = 2B0000500000000000000001;
			minimizedProjectReferenceProxies = 1;
			preferredProjectObjectVersion = 77;
			productRefGroup = 2B0000500000000000000008 /* Products */;
			projectDirPath = "";
			projectRoot = "";
			targets = (
				2B0000300000000000000001 /* Claw */,
				2B0000300000000000000002 /* ClawTests */,
			);
		};
/* End PBXProject section */

/* Begin PBXResourcesBuildPhase section */
		2B0000700000000000000001 /* Resources */ = {
			isa = PBXResourcesBuildPhase;
			buildActionMask = 2147483647;
			files = (
				2B0000010000000000000006 /* Assets.xcassets in Resources */,
			);
			runOnlyForDeploymentPostprocessing = 0;
		};
		2B0000700000000000000002 /* Resources */ = {
			isa = PBXResourcesBuildPhase;
			buildActionMask = 2147483647;
			files = (
			);
			runOnlyForDeploymentPostprocessing = 0;
		};
/* End PBXResourcesBuildPhase section */

/* Begin PBXSourcesBuildPhase section */
		2B0000600000000000000001 /* Sources */ = {
			isa = PBXSourcesBuildPhase;
			buildActionMask = 2147483647;
			files = (
				2B0000010000000000000001 /* ClawApp.swift in Sources */,
				2B0000010000000000000002 /* ClawModels.swift in Sources */,
				2B0000010000000000000003 /* ClawStore.swift in Sources */,
				2B0000010000000000000004 /* ContentView.swift in Sources */,
				2B0000010000000000000005 /* ClawShortcuts.swift in Sources */,
			);
			runOnlyForDeploymentPostprocessing = 0;
		};
		2B0000600000000000000002 /* Sources */ = {
			isa = PBXSourcesBuildPhase;
			buildActionMask = 2147483647;
			files = (
				2B0000010000000000000007 /* ClawTests.swift in Sources */,
			);
			runOnlyForDeploymentPostprocessing = 0;
		};
/* End PBXSourcesBuildPhase section */

/* Begin PBXTargetDependency section */
		2B0000900000000000000001 /* PBXTargetDependency */ = {
			isa = PBXTargetDependency;
			target = 2B0000300000000000000001 /* Claw */;
			targetProxy = 2B0000020000000000000001 /* PBXContainerItemProxy */;
		};
/* End PBXTargetDependency section */

/* Begin XCBuildConfiguration section */
		2B0000A00000000000000001 /* Debug */ = {
			isa = XCBuildConfiguration;
			buildSettings = {
				ALWAYS_SEARCH_USER_PATHS = NO;
				ASSETCATALOG_COMPILER_GENERATE_SWIFT_ASSET_SYMBOL_EXTENSIONS = YES;
				CLANG_ANALYZER_NONNULL = YES;
				CLANG_ANALYZER_NUMBER_OBJECT_CONVERSION = YES_AGGRESSIVE;
				CLANG_CXX_LANGUAGE_STANDARD = "gnu++20";
				CLANG_ENABLE_MODULES = YES;
				CLANG_ENABLE_OBJC_ARC = YES;
				CLANG_ENABLE_OBJC_WEAK = YES;
				CLANG_WARN_BLOCK_CAPTURE_AUTORELEASING = YES;
				CLANG_WARN_BOOL_CONVERSION = YES;
				CLANG_WARN_COMMA = YES;
				CLANG_WARN_CONSTANT_CONVERSION = YES;
				CLANG_WARN_DEPRECATED_OBJC_IMPLEMENTATIONS = YES;
				CLANG_WARN_DIRECT_OBJC_ISA_USAGE = YES_ERROR;
				CLANG_WARN_DOCUMENTATION_COMMENTS = YES;
				CLANG_WARN_EMPTY_BODY = YES;
				CLANG_WARN_ENUM_CONVERSION = YES;
				CLANG_WARN_INFINITE_RECURSION = YES;
				CLANG_WARN_INT_CONVERSION = YES;
				CLANG_WARN_NON_LITERAL_NULL_CONVERSION = YES;
				CLANG_WARN_OBJC_IMPLICIT_RETAIN_SELF = YES;
				CLANG_WARN_OBJC_LITERAL_CONVERSION = YES;
				CLANG_WARN_OBJC_ROOT_CLASS = YES_ERROR;
				CLANG_WARN_QUOTED_INCLUDE_IN_FRAMEWORK_HEADER = YES;
				CLANG_WARN_RANGE_LOOP_ANALYSIS = YES;
				CLANG_WARN_STRICT_PROTOTYPES = YES;
				CLANG_WARN_SUSPICIOUS_MOVE = YES;
				CLANG_WARN_UNGUARDED_AVAILABILITY = YES_AGGRESSIVE;
				CLANG_WARN_UNREACHABLE_CODE = YES;
				CLANG_WARN__DUPLICATE_METHOD_MATCH = YES;
				COPY_PHASE_STRIP = NO;
				DEBUG_INFORMATION_FORMAT = dwarf;
				ENABLE_STRICT_OBJC_MSGSEND = YES;
				ENABLE_TESTABILITY = YES;
				ENABLE_USER_SCRIPT_SANDBOXING = YES;
				GCC_C_LANGUAGE_STANDARD = gnu17;
				GCC_DYNAMIC_NO_PIC = NO;
				GCC_NO_COMMON_BLOCKS = YES;
				GCC_OPTIMIZATION_LEVEL = 0;
				GCC_PREPROCESSOR_DEFINITIONS = (
					"DEBUG=1",
					"$(inherited)",
				);
				GCC_WARN_64_TO_32_BIT_CONVERSION = YES;
				GCC_WARN_ABOUT_RETURN_TYPE = YES_ERROR;
				GCC_WARN_UNDECLARED_SELECTOR = YES;
				GCC_WARN_UNINITIALIZED_AUTOS = YES_AGGRESSIVE;
				GCC_WARN_UNUSED_FUNCTION = YES;
				GCC_WARN_UNUSED_VARIABLE = YES;
				IPHONEOS_DEPLOYMENT_TARGET = 17.0;
				LOCALIZATION_PREFERS_STRING_CATALOGS = YES;
				MTL_ENABLE_DEBUG_INFO = INCLUDE_SOURCE;
				MTL_FAST_MATH = YES;
				ONLY_ACTIVE_ARCH = YES;
				SDKROOT = iphoneos;
				SWIFT_ACTIVE_COMPILATION_CONDITIONS = "DEBUG $(inherited)";
				SWIFT_OPTIMIZATION_LEVEL = "-Onone";
			};
			name = Debug;
		};
		2B0000A00000000000000002 /* Release */ = {
			isa = XCBuildConfiguration;
			buildSettings = {
				ALWAYS_SEARCH_USER_PATHS = NO;
				ASSETCATALOG_COMPILER_GENERATE_SWIFT_ASSET_SYMBOL_EXTENSIONS = YES;
				CLANG_ANALYZER_NONNULL = YES;
				CLANG_ANALYZER_NUMBER_OBJECT_CONVERSION = YES_AGGRESSIVE;
				CLANG_CXX_LANGUAGE_STANDARD = "gnu++20";
				CLANG_ENABLE_MODULES = YES;
				CLANG_ENABLE_OBJC_ARC = YES;
				CLANG_ENABLE_OBJC_WEAK = YES;
				CLANG_WARN_BLOCK_CAPTURE_AUTORELEASING = YES;
				CLANG_WARN_BOOL_CONVERSION = YES;
				CLANG_WARN_COMMA = YES;
				CLANG_WARN_CONSTANT_CONVERSION = YES;
				CLANG_WARN_DEPRECATED_OBJC_IMPLEMENTATIONS = YES;
				CLANG_WARN_DIRECT_OBJC_ISA_USAGE = YES_ERROR;
				CLANG_WARN_DOCUMENTATION_COMMENTS = YES;
				CLANG_WARN_EMPTY_BODY = YES;
				CLANG_WARN_ENUM_CONVERSION = YES;
				CLANG_WARN_INFINITE_RECURSION = YES;
				CLANG_WARN_INT_CONVERSION = YES;
				CLANG_WARN_NON_LITERAL_NULL_CONVERSION = YES_AGGRESSIVE;
				CLANG_WARN_OBJC_IMPLICIT_RETAIN_SELF = YES;
				CLANG_WARN_OBJC_LITERAL_CONVERSION = YES;
				CLANG_WARN_OBJC_ROOT_CLASS = YES_ERROR;
				CLANG_WARN_QUOTED_INCLUDE_IN_FRAMEWORK_HEADER = YES;
				CLANG_WARN_RANGE_LOOP_ANALYSIS = YES;
				CLANG_WARN_STRICT_PROTOTYPES = YES;
				CLANG_WARN_SUSPICIOUS_MOVE = YES;
				CLANG_WARN_UNGUARDED_AVAILABILITY = YES_AGGRESSIVE;
				CLANG_WARN_UNREACHABLE_CODE = YES;
				CLANG_WARN__DUPLICATE_METHOD_MATCH = YES;
				COPY_PHASE_STRIP = NO;
				DEBUG_INFORMATION_FORMAT = "dwarf-with-dsym";
				ENABLE_NS_ASSERTIONS = NO;
				ENABLE_STRICT_OBJC_MSGSEND = YES;
				ENABLE_USER_SCRIPT_SANDBOXING = YES;
				GCC_C_LANGUAGE_STANDARD = gnu17;
				GCC_NO_COMMON_BLOCKS = YES;
				GCC_WARN_64_TO_32_BIT_CONVERSION = YES;
				GCC_WARN_ABOUT_RETURN_TYPE = YES_ERROR;
				GCC_WARN_UNDECLARED_SELECTOR = YES;
				GCC_WARN_UNINITIALIZED_AUTOS = YES_AGGRESSIVE;
				GCC_WARN_UNUSED_FUNCTION = YES;
				GCC_WARN_UNUSED_VARIABLE = YES;
				IPHONEOS_DEPLOYMENT_TARGET = 17.0;
				LOCALIZATION_PREFERS_STRING_CATALOGS = YES;
				MTL_ENABLE_DEBUG_INFO = NO;
				MTL_FAST_MATH = YES;
				SDKROOT = iphoneos;
				SWIFT_COMPILATION_MODE = wholemodule;
				SWIFT_OPTIMIZATION_LEVEL = "-O";
				VALIDATE_PRODUCT = YES;
			};
			name = Release;
		};
		2B0000A00000000000000003 /* Debug */ = {
			isa = XCBuildConfiguration;
			buildSettings = {
				CODE_SIGN_STYLE = Automatic;
				CURRENT_PROJECT_VERSION = 1;
				DEVELOPMENT_ASSET_PATHS = "";
				DEVELOPMENT_TEAM = "";
				ENABLE_PREVIEWS = YES;
				GENERATE_INFOPLIST_FILE = YES;
				INFOPLIST_KEY_CFBundleDisplayName = Claw;
				INFOPLIST_KEY_LSApplicationCategoryType = "public.app-category.productivity";
				INFOPLIST_KEY_LSApplicationQueriesSchemes = "corpchat claw shortcuts";
				INFOPLIST_KEY_NSCalendarsFullAccessUsageDescription = "Claw 需要访问日历以根据电脑任务创建、读取和核对交付、审批和跟进日程。";
				INFOPLIST_KEY_NSContactsUsageDescription = "Claw 需要访问通讯录以匹配收件人，避免任务结果和协作消息误发。";
				INFOPLIST_KEY_NSDocumentsFolderUsageDescription = "Claw 需要读取用户手动选择的本地 Agent artifact、工作区上下文和任务资料。";
				INFOPLIST_KEY_NSMicrophoneUsageDescription = "Claw 需要使用麦克风接收用户口述的电脑接管指令。";
				INFOPLIST_KEY_NSRemindersFullAccessUsageDescription = "Claw 需要访问提醒事项以创建任务待办、审批检查点和继续执行提醒。";
				INFOPLIST_KEY_NSSiriUsageDescription = "Claw 使用 Siri 和快捷指令入口接收电脑任务与自动化规划指令。";
				INFOPLIST_KEY_NSSpeechRecognitionUsageDescription = "Claw 需要语音识别权限把口述指令转换为可确认的电脑自动化计划。";
				INFOPLIST_KEY_UIApplicationSceneManifest_Generation = YES;
				INFOPLIST_KEY_UIApplicationSupportsIndirectInputEvents = YES;
				INFOPLIST_KEY_UILaunchScreen_Generation = YES;
				INFOPLIST_KEY_UISupportedInterfaceOrientations = UIInterfaceOrientationPortrait;
				INFOPLIST_KEY_UISupportedInterfaceOrientations_iPhone = UIInterfaceOrientationPortrait;
				IPHONEOS_DEPLOYMENT_TARGET = 17.0;
				LD_RUNPATH_SEARCH_PATHS = (
					"$(inherited)",
					"@executable_path/Frameworks",
				);
				MARKETING_VERSION = 1.0;
				PRODUCT_BUNDLE_IDENTIFIER = "com.claw.prototype";
				PRODUCT_NAME = "$(TARGET_NAME)";
				SWIFT_EMIT_LOC_STRINGS = YES;
				SWIFT_VERSION = 6.0;
				TARGETED_DEVICE_FAMILY = 1;
			};
			name = Debug;
		};
		2B0000A00000000000000004 /* Release */ = {
			isa = XCBuildConfiguration;
			buildSettings = {
				CODE_SIGN_STYLE = Automatic;
				CURRENT_PROJECT_VERSION = 1;
				DEVELOPMENT_ASSET_PATHS = "";
				DEVELOPMENT_TEAM = "";
				ENABLE_PREVIEWS = YES;
				GENERATE_INFOPLIST_FILE = YES;
				INFOPLIST_KEY_CFBundleDisplayName = Claw;
				INFOPLIST_KEY_LSApplicationCategoryType = "public.app-category.productivity";
				INFOPLIST_KEY_LSApplicationQueriesSchemes = "corpchat claw shortcuts";
				INFOPLIST_KEY_NSCalendarsFullAccessUsageDescription = "Claw 需要访问日历以根据电脑任务创建、读取和核对交付、审批和跟进日程。";
				INFOPLIST_KEY_NSContactsUsageDescription = "Claw 需要访问通讯录以匹配收件人，避免任务结果和协作消息误发。";
				INFOPLIST_KEY_NSDocumentsFolderUsageDescription = "Claw 需要读取用户手动选择的本地 Agent artifact、工作区上下文和任务资料。";
				INFOPLIST_KEY_NSMicrophoneUsageDescription = "Claw 需要使用麦克风接收用户口述的电脑接管指令。";
				INFOPLIST_KEY_NSRemindersFullAccessUsageDescription = "Claw 需要访问提醒事项以创建任务待办、审批检查点和继续执行提醒。";
				INFOPLIST_KEY_NSSiriUsageDescription = "Claw 使用 Siri 和快捷指令入口接收电脑任务与自动化规划指令。";
				INFOPLIST_KEY_NSSpeechRecognitionUsageDescription = "Claw 需要语音识别权限把口述指令转换为可确认的电脑自动化计划。";
				INFOPLIST_KEY_UIApplicationSceneManifest_Generation = YES;
				INFOPLIST_KEY_UIApplicationSupportsIndirectInputEvents = YES;
				INFOPLIST_KEY_UILaunchScreen_Generation = YES;
				INFOPLIST_KEY_UISupportedInterfaceOrientations = UIInterfaceOrientationPortrait;
				INFOPLIST_KEY_UISupportedInterfaceOrientations_iPhone = UIInterfaceOrientationPortrait;
				IPHONEOS_DEPLOYMENT_TARGET = 17.0;
				LD_RUNPATH_SEARCH_PATHS = (
					"$(inherited)",
					"@executable_path/Frameworks",
				);
				MARKETING_VERSION = 1.0;
				PRODUCT_BUNDLE_IDENTIFIER = "com.claw.prototype";
				PRODUCT_NAME = "$(TARGET_NAME)";
				SWIFT_EMIT_LOC_STRINGS = YES;
				SWIFT_VERSION = 6.0;
				TARGETED_DEVICE_FAMILY = 1;
			};
			name = Release;
		};
		2B0000A00000000000000005 /* Debug */ = {
			isa = XCBuildConfiguration;
			buildSettings = {
				BUNDLE_LOADER = "$(TEST_HOST)";
				CODE_SIGN_STYLE = Automatic;
				CURRENT_PROJECT_VERSION = 1;
				DEVELOPMENT_TEAM = "";
				GENERATE_INFOPLIST_FILE = YES;
				IPHONEOS_DEPLOYMENT_TARGET = 17.0;
				LD_RUNPATH_SEARCH_PATHS = (
					"$(inherited)",
					"@executable_path/Frameworks",
					"@loader_path/Frameworks",
				);
				MARKETING_VERSION = 1.0;
				PRODUCT_BUNDLE_IDENTIFIER = "com.claw.prototype.tests";
				PRODUCT_NAME = "$(TARGET_NAME)";
				SWIFT_VERSION = 6.0;
				TARGETED_DEVICE_FAMILY = 1;
				TEST_HOST = "$(BUILT_PRODUCTS_DIR)/Claw.app/$(BUNDLE_EXECUTABLE_FOLDER_PATH)/Claw";
			};
			name = Debug;
		};
		2B0000A00000000000000006 /* Release */ = {
			isa = XCBuildConfiguration;
			buildSettings = {
				BUNDLE_LOADER = "$(TEST_HOST)";
				CODE_SIGN_STYLE = Automatic;
				CURRENT_PROJECT_VERSION = 1;
				DEVELOPMENT_TEAM = "";
				GENERATE_INFOPLIST_FILE = YES;
				IPHONEOS_DEPLOYMENT_TARGET = 17.0;
				LD_RUNPATH_SEARCH_PATHS = (
					"$(inherited)",
					"@executable_path/Frameworks",
					"@loader_path/Frameworks",
				);
				MARKETING_VERSION = 1.0;
				PRODUCT_BUNDLE_IDENTIFIER = "com.claw.prototype.tests";
				PRODUCT_NAME = "$(TARGET_NAME)";
				SWIFT_VERSION = 6.0;
				TARGETED_DEVICE_FAMILY = 1;
				TEST_HOST = "$(BUILT_PRODUCTS_DIR)/Claw.app/$(BUNDLE_EXECUTABLE_FOLDER_PATH)/Claw";
			};
			name = Release;
		};
/* End XCBuildConfiguration section */

/* Begin XCConfigurationList section */
		2B0000800000000000000001 /* Build configuration list for PBXNativeTarget "Claw" */ = {
			isa = XCConfigurationList;
			buildConfigurations = (
				2B0000A00000000000000003 /* Debug */,
				2B0000A00000000000000004 /* Release */,
			);
			defaultConfigurationIsVisible = 0;
			defaultConfigurationName = Release;
		};
		2B0000800000000000000002 /* Build configuration list for PBXNativeTarget "ClawTests" */ = {
			isa = XCConfigurationList;
			buildConfigurations = (
				2B0000A00000000000000005 /* Debug */,
				2B0000A00000000000000006 /* Release */,
			);
			defaultConfigurationIsVisible = 0;
			defaultConfigurationName = Release;
		};
		2B0000800000000000000003 /* Build configuration list for PBXProject "Claw" */ = {
			isa = XCConfigurationList;
			buildConfigurations = (
				2B0000A00000000000000001 /* Debug */,
				2B0000A00000000000000002 /* Release */,
			);
			defaultConfigurationIsVisible = 0;
			defaultConfigurationName = Release;
		};
/* End XCConfigurationList section */
	};
	rootObject = 2B0000200000000000000001 /* Project object */;
}
